
Microsoft Visual Studio Solution File, Format Version 12.00
# Visual Studio Version 17
VisualStudioVersion = 17.8.34330.188
MinimumVisualStudioVersion = 10.0.40219.1
Project("{9A19103F-16F7-4668-BE54-9A1E7A4F7556}") = "DicomGrep", "DicomGrep\DicomGrep.csproj", "{70E8E894-278C-4A40-9CC8-56573A5F96DF}"
EndProject
Project("{9A19103F-16F7-4668-BE54-9A1E7A4F7556}") = "DicomGrepTests", "DicomGrepTests\DicomGrepTests.csproj", "{C26AA249-3A83-4B9A-9672-633AFE3081E4}"
EndProject
Project("{FAE04EC0-301F-11D3-BF4B-00C04F79EFBC}") = "DicomGrepCore", "DicomGrepCore\DicomGrepCore.csproj", "{572F835B-6298-4075-A1E3-50675927CCF1}"
EndProject
Global
	GlobalSection(SolutionConfigurationPlatforms) = preSolution
		Debug|Any CPU = Debug|Any CPU
		Release|Any CPU = Release|Any CPU
	EndGlobalSection
	GlobalSection(ProjectConfigurationPlatforms) = postSolution
		{70E8E894-278C-4A40-9CC8-56573A5F96DF}.Debug|Any CPU.ActiveCfg = Debug|Any CPU
		{70E8E894-278C-4A40-9CC8-56573A5F96DF}.Debug|Any CPU.Build.0 = Debug|Any CPU
		{70E8E894-278C-4A40-9CC8-56573A5F96DF}.Release|Any CPU.ActiveCfg = Release|Any CPU
		{70E8E894-278C-4A40-9CC8-56573A5F96DF}.Release|Any CPU.Build.0 = Release|Any CPU
		{C26AA249-3A83-4B9A-9672-633AFE3081E4}.Debug|Any CPU.ActiveCfg = Debug|Any CPU
		{C26AA249-3A83-4B9A-9672-633AFE3081E4}.Debug|Any CPU.Build.0 = Debug|Any CPU
		{C26AA249-3A83-4B9A-9672-633AFE3081E4}.Release|Any CPU.ActiveCfg = Release|Any CPU
		{C26AA249-3A83-4B9A-9672-633AFE3081E4}.Release|Any CPU.Build.0 = Release|Any CPU
		{572F835B-6298-4075-A1E3-50675927CCF1}.Debug|Any CPU.ActiveCfg = Debug|Any CPU
		{572F835B-6298-4075-A1E3-50675927CCF1}.Debug|Any CPU.Build.0 = Debug|Any CPU
		{572F835B-6298-4075-A1E3-50675927CCF1}.Release|Any CPU.ActiveCfg = Release|Any CPU
		{572F835B-6298-4075-A1E3-50675927CCF1}.Release|Any CPU.Build.0 = Release|Any CPU
	EndGlobalSection
	GlobalSection(SolutionProperties) = preSolution
		HideSolutionNode = FALSE
	EndGlobalSection
	GlobalSection(ExtensibilityGlobals) = postSolution
		SolutionGuid = {E488AEEF-942A-4302-817B-91E6C1EE5BBF}
	EndGlobalSection
EndGlobal
