
Microsoft Visual Studio Solution File, Format Version 12.00
# Visual Studio Version 16
VisualStudioVersion = 16.0.29806.167
MinimumVisualStudioVersion = 10.0.40219.1
Project("{FAE04EC0-301F-11D3-BF4B-00C04F79EFBC}") = "DicomGrep", "DicomGrep\DicomGrep.csproj", "{DE9B0B24-9F63-4C0D-B525-97495E17AF5D}"
EndProject
Global
	GlobalSection(SolutionConfigurationPlatforms) = preSolution
		Debug|Any CPU = Debug|Any CPU
		Release|Any CPU = Release|Any CPU
	EndGlobalSection
	GlobalSection(ProjectConfigurationPlatforms) = postSolution
		{DE9B0B24-9F63-4C0D-B525-97495E17AF5D}.Debug|Any CPU.ActiveCfg = Debug|Any CPU
		{DE9B0B24-9F63-4C0D-B525-97495E17AF5D}.Debug|Any CPU.Build.0 = Debug|Any CPU
		{DE9B0B24-9F63-4C0D-B525-97495E17AF5D}.Release|Any CPU.ActiveCfg = Release|Any CPU
		{DE9B0B24-9F63-4C0D-B525-97495E17AF5D}.Release|Any CPU.Build.0 = Release|Any CPU
	EndGlobalSection
	GlobalSection(SolutionProperties) = preSolution
		HideSolutionNode = FALSE
	EndGlobalSection
	GlobalSection(ExtensibilityGlobals) = postSolution
		SolutionGuid = {3F3D9C25-B1A1-4527-AF9D-D7AEC66A6201}
	EndGlobalSection
EndGlobal
